
Microsoft Visual Studio Solution File, Format Version 12.00
# Visual Studio 15
VisualStudioVersion = 15.0.28010.2048
MinimumVisualStudioVersion = 10.0.40219.1
Project("{FAE04EC0-301F-11D3-BF4B-00C04F79EFBC}") = "WindowsFormsApp1", "WindowsFormsApp1\WindowsFormsApp1.csproj", "{38A5DCB2-EB54-499E-A2B2-4FB933D86207}"
EndProject
Global
	GlobalSection(SolutionConfigurationPlatforms) = preSolution
		Debug|Any CPU = Debug|Any CPU
		Release|Any CPU = Release|Any CPU
	EndGlobalSection
	GlobalSection(ProjectConfigurationPlatforms) = postSolution
		{38A5DCB2-EB54-499E-A2B2-4FB933D86207}.Debug|Any CPU.ActiveCfg = Debug|Any CPU
		{38A5DCB2-EB54-499E-A2B2-4FB933D86207}.Debug|Any CPU.Build.0 = Debug|Any CPU
		{38A5DCB2-EB54-499E-A2B2-4FB933D86207}.Release|Any CPU.ActiveCfg = Release|Any CPU
		{38A5DCB2-EB54-499E-A2B2-4FB933D86207}.Release|Any CPU.Build.0 = Release|Any CPU
	EndGlobalSection
	GlobalSection(SolutionProperties) = preSolution
		HideSolutionNode = FALSE
	EndGlobalSection
	GlobalSection(ExtensibilityGlobals) = postSolution
		SolutionGuid = {26C29E54-22FC-4609-8746-9D7F3A3AB448}
	EndGlobalSection
EndGlobal
